
Microsoft Visual Studio Solution File, Format Version 12.00
# Visual Studio Version 16
VisualStudioVersion = 16.0.30804.86
MinimumVisualStudioVersion = 10.0.40219.1
Project("{2150E333-8FDC-42A3-9474-1A3956D46DE8}") = "Core", "Core", "{4A3A3E4F-0DB1-4A89-9957-CCCACE017903}"
EndProject
Project("{2150E333-8FDC-42A3-9474-1A3956D46DE8}") = "Data", "Data", "{EB4BC215-E7A1-4F9E-A8E2-27A11A20EEE6}"
EndProject
Project("{FAE04EC0-301F-11D3-BF4B-00C04F79EFBC}") = "PhoneContact.Data", "PhoneContact.Data\PhoneContact.Data.csproj", "{8B48C410-5F59-4F59-A3CD-A7AAD75F523B}"
EndProject
Project("{FAE04EC0-301F-11D3-BF4B-00C04F79EFBC}") = "PhoneContact.Core", "PhoneContact.Core\PhoneContact.Core.csproj", "{74B2F125-F8A6-4D02-8861-20A334009E69}"
EndProject
Project("{2150E333-8FDC-42A3-9474-1A3956D46DE8}") = "Engine", "Engine", "{1C6DBBF1-1420-4BDC-A485-7DD43CB4DB01}"
EndProject
Project("{FAE04EC0-301F-11D3-BF4B-00C04F79EFBC}") = "PhoneContact.Engine", "PhoneContact.Engine\PhoneContact.Engine.csproj", "{A3773493-688D-490B-BD4B-48D34EBB4F49}"
EndProject
Project("{2150E333-8FDC-42A3-9474-1A3956D46DE8}") = "UI", "UI", "{604B88CB-2C35-4DD0-96CE-3122481CD4B7}"
EndProject
Project("{FAE04EC0-301F-11D3-BF4B-00C04F79EFBC}") = "PhoneContact.Api", "PhoneContact.Api\PhoneContact.Api.csproj", "{97CA0819-5758-496D-8C2D-68A60E91BF3B}"
EndProject
Project("{2150E333-8FDC-42A3-9474-1A3956D46DE8}") = "Test", "Test", "{A7CFF38B-D84E-45C9-949C-57BE4646B0D2}"
EndProject
Project("{FAE04EC0-301F-11D3-BF4B-00C04F79EFBC}") = "PhoneContact.Test", "PhoneContact.Test\PhoneContact.Test.csproj", "{7209040C-81DD-4A9E-BC06-C7C135C1087A}"
EndProject
Project("{FAE04EC0-301F-11D3-BF4B-00C04F79EFBC}") = "PhoneContact.Data.Entities", "PhoneContact.Data.Entities\PhoneContact.Data.Entities.csproj", "{09FB7785-5F0C-4B39-95FD-DA46728FF1F5}"
EndProject
Project("{2150E333-8FDC-42A3-9474-1A3956D46DE8}") = "AccountApi", "AccountApi", "{DD55043C-7EE4-4843-A681-A3FB070175D6}"
EndProject
Project("{2150E333-8FDC-42A3-9474-1A3956D46DE8}") = "ContactApi", "ContactApi", "{98C4BF64-C520-4CD4-9E41-B5BB7C699CD9}"
EndProject
Project("{FAE04EC0-301F-11D3-BF4B-00C04F79EFBC}") = "PhoneContact.AccountApi", "PhoneContact.AccountApi\PhoneContact.AccountApi.csproj", "{94626F4C-9DF9-45F0-975D-612080F6861C}"
EndProject
Project("{FAE04EC0-301F-11D3-BF4B-00C04F79EFBC}") = "PhoneContact.ApiGateWay", "PhoneContact.ApiGateWay\PhoneContact.ApiGateWay.csproj", "{1C7414E8-81E2-4121-8129-484FF567D46E}"
EndProject
Global
	GlobalSection(SolutionConfigurationPlatforms) = preSolution
		Debug|Any CPU = Debug|Any CPU
		Release|Any CPU = Release|Any CPU
	EndGlobalSection
	GlobalSection(ProjectConfigurationPlatforms) = postSolution
		{8B48C410-5F59-4F59-A3CD-A7AAD75F523B}.Debug|Any CPU.ActiveCfg = Debug|Any CPU
		{8B48C410-5F59-4F59-A3CD-A7AAD75F523B}.Debug|Any CPU.Build.0 = Debug|Any CPU
		{8B48C410-5F59-4F59-A3CD-A7AAD75F523B}.Release|Any CPU.ActiveCfg = Release|Any CPU
		{8B48C410-5F59-4F59-A3CD-A7AAD75F523B}.Release|Any CPU.Build.0 = Release|Any CPU
		{74B2F125-F8A6-4D02-8861-20A334009E69}.Debug|Any CPU.ActiveCfg = Debug|Any CPU
		{74B2F125-F8A6-4D02-8861-20A334009E69}.Debug|Any CPU.Build.0 = Debug|Any CPU
		{74B2F125-F8A6-4D02-8861-20A334009E69}.Release|Any CPU.ActiveCfg = Release|Any CPU
		{74B2F125-F8A6-4D02-8861-20A334009E69}.Release|Any CPU.Build.0 = Release|Any CPU
		{A3773493-688D-490B-BD4B-48D34EBB4F49}.Debug|Any CPU.ActiveCfg = Debug|Any CPU
		{A3773493-688D-490B-BD4B-48D34EBB4F49}.Debug|Any CPU.Build.0 = Debug|Any CPU
		{A3773493-688D-490B-BD4B-48D34EBB4F49}.Release|Any CPU.ActiveCfg = Release|Any CPU
		{A3773493-688D-490B-BD4B-48D34EBB4F49}.Release|Any CPU.Build.0 = Release|Any CPU
		{97CA0819-5758-496D-8C2D-68A60E91BF3B}.Debug|Any CPU.ActiveCfg = Debug|Any CPU
		{97CA0819-5758-496D-8C2D-68A60E91BF3B}.Debug|Any CPU.Build.0 = Debug|Any CPU
		{97CA0819-5758-496D-8C2D-68A60E91BF3B}.Release|Any CPU.ActiveCfg = Release|Any CPU
		{97CA0819-5758-496D-8C2D-68A60E91BF3B}.Release|Any CPU.Build.0 = Release|Any CPU
		{7209040C-81DD-4A9E-BC06-C7C135C1087A}.Debug|Any CPU.ActiveCfg = Debug|Any CPU
		{7209040C-81DD-4A9E-BC06-C7C135C1087A}.Debug|Any CPU.Build.0 = Debug|Any CPU
		{7209040C-81DD-4A9E-BC06-C7C135C1087A}.Release|Any CPU.ActiveCfg = Release|Any CPU
		{7209040C-81DD-4A9E-BC06-C7C135C1087A}.Release|Any CPU.Build.0 = Release|Any CPU
		{09FB7785-5F0C-4B39-95FD-DA46728FF1F5}.Debug|Any CPU.ActiveCfg = Debug|Any CPU
		{09FB7785-5F0C-4B39-95FD-DA46728FF1F5}.Debug|Any CPU.Build.0 = Debug|Any CPU
		{09FB7785-5F0C-4B39-95FD-DA46728FF1F5}.Release|Any CPU.ActiveCfg = Release|Any CPU
		{09FB7785-5F0C-4B39-95FD-DA46728FF1F5}.Release|Any CPU.Build.0 = Release|Any CPU
		{94626F4C-9DF9-45F0-975D-612080F6861C}.Debug|Any CPU.ActiveCfg = Debug|Any CPU
		{94626F4C-9DF9-45F0-975D-612080F6861C}.Debug|Any CPU.Build.0 = Debug|Any CPU
		{94626F4C-9DF9-45F0-975D-612080F6861C}.Release|Any CPU.ActiveCfg = Release|Any CPU
		{94626F4C-9DF9-45F0-975D-612080F6861C}.Release|Any CPU.Build.0 = Release|Any CPU
		{1C7414E8-81E2-4121-8129-484FF567D46E}.Debug|Any CPU.ActiveCfg = Debug|Any CPU
		{1C7414E8-81E2-4121-8129-484FF567D46E}.Debug|Any CPU.Build.0 = Debug|Any CPU
		{1C7414E8-81E2-4121-8129-484FF567D46E}.Release|Any CPU.ActiveCfg = Release|Any CPU
		{1C7414E8-81E2-4121-8129-484FF567D46E}.Release|Any CPU.Build.0 = Release|Any CPU
	EndGlobalSection
	GlobalSection(SolutionProperties) = preSolution
		HideSolutionNode = FALSE
	EndGlobalSection
	GlobalSection(NestedProjects) = preSolution
		{8B48C410-5F59-4F59-A3CD-A7AAD75F523B} = {EB4BC215-E7A1-4F9E-A8E2-27A11A20EEE6}
		{74B2F125-F8A6-4D02-8861-20A334009E69} = {4A3A3E4F-0DB1-4A89-9957-CCCACE017903}
		{A3773493-688D-490B-BD4B-48D34EBB4F49} = {1C6DBBF1-1420-4BDC-A485-7DD43CB4DB01}
		{97CA0819-5758-496D-8C2D-68A60E91BF3B} = {98C4BF64-C520-4CD4-9E41-B5BB7C699CD9}
		{7209040C-81DD-4A9E-BC06-C7C135C1087A} = {A7CFF38B-D84E-45C9-949C-57BE4646B0D2}
		{09FB7785-5F0C-4B39-95FD-DA46728FF1F5} = {EB4BC215-E7A1-4F9E-A8E2-27A11A20EEE6}
		{DD55043C-7EE4-4843-A681-A3FB070175D6} = {604B88CB-2C35-4DD0-96CE-3122481CD4B7}
		{98C4BF64-C520-4CD4-9E41-B5BB7C699CD9} = {604B88CB-2C35-4DD0-96CE-3122481CD4B7}
		{94626F4C-9DF9-45F0-975D-612080F6861C} = {DD55043C-7EE4-4843-A681-A3FB070175D6}
		{1C7414E8-81E2-4121-8129-484FF567D46E} = {604B88CB-2C35-4DD0-96CE-3122481CD4B7}
	EndGlobalSection
	GlobalSection(ExtensibilityGlobals) = postSolution
		SolutionGuid = {E2DC9C3F-627F-4D68-826A-4513510AD4D7}
	EndGlobalSection
EndGlobal
